
Microsoft Visual Studio Solution File, Format Version 12.00
# Visual Studio Version 16
VisualStudioVersion = 16.0.29306.81
MinimumVisualStudioVersion = 10.0.40219.1
Project("{F184B08F-C81C-45F6-A57F-5ABD9991F28F}") = "RetoAlojamientosYUUAvb", "RetoAlojamientosYUUAvb\RetoAlojamientosYUUAvb.vbproj", "{B0B22AD4-D68C-4527-86CA-5233A23A3591}"
EndProject
Global
	GlobalSection(SolutionConfigurationPlatforms) = preSolution
		Debug|Any CPU = Debug|Any CPU
		Release|Any CPU = Release|Any CPU
	EndGlobalSection
	GlobalSection(ProjectConfigurationPlatforms) = postSolution
		{B0B22AD4-D68C-4527-86CA-5233A23A3591}.Debug|Any CPU.ActiveCfg = Debug|Any CPU
		{B0B22AD4-D68C-4527-86CA-5233A23A3591}.Debug|Any CPU.Build.0 = Debug|Any CPU
		{B0B22AD4-D68C-4527-86CA-5233A23A3591}.Release|Any CPU.ActiveCfg = Release|Any CPU
		{B0B22AD4-D68C-4527-86CA-5233A23A3591}.Release|Any CPU.Build.0 = Release|Any CPU
	EndGlobalSection
	GlobalSection(SolutionProperties) = preSolution
		HideSolutionNode = FALSE
	EndGlobalSection
	GlobalSection(ExtensibilityGlobals) = postSolution
		SolutionGuid = {3797A011-88F4-4FD0-8787-CAF4F16000AD}
	EndGlobalSection
EndGlobal
